// !$*UTF8*$!
{
	archiveVersion = 1;
	classes = {
	};
	objectVersion = 56;
	objects = {

/* Begin PBXBuildFile section */
		D1546DFC2ACE768100951843 /* AppDelegate.swift in Sources */ = {isa = PBXBuildFile; fileRef = D1546DFB2ACE768100951843 /* AppDelegate.swift */; };
		D1546DFE2ACE768100951843 /* SceneDelegate.swift in Sources */ = {isa = PBXBuildFile; fileRef = D1546DFD2ACE768100951843 /* SceneDelegate.swift */; };
		D1546E032ACE768100951843 /* Main.storyboard in Resources */ = {isa = PBXBuildFile; fileRef = D1546E012ACE768100951843 /* Main.storyboard */; };
		D1546E052ACE768100951843 /* Assets.xcassets in Resources */ = {isa = PBXBuildFile; fileRef = D1546E042ACE768100951843 /* Assets.xcassets */; };
		D1546E082ACE768100951843 /* LaunchScreen.storyboard in Resources */ = {isa = PBXBuildFile; fileRef = D1546E062ACE768100951843 /* LaunchScreen.storyboard */; };
		D1546E142ACE780000951843 /* Lottie in Frameworks */ = {isa = PBXBuildFile; productRef = D1546E132ACE780000951843 /* Lottie */; };
		D1546E172ACE78CA00951843 /* NVActivityIndicatorView in Frameworks */ = {isa = PBXBuildFile; productRef = D1546E162ACE78CA00951843 /* NVActivityIndicatorView */; };
		D1546E192ACE78CA00951843 /* NVActivityIndicatorViewExtended in Frameworks */ = {isa = PBXBuildFile; productRef = D1546E182ACE78CA00951843 /* NVActivityIndicatorViewExtended */; };
		D1546E1B2ACE7B3500951843 /* BaseVC.swift in Sources */ = {isa = PBXBuildFile; fileRef = D1546E1A2ACE7B3500951843 /* BaseVC.swift */; };
		D1546E1D2ACE7D9900951843 /* FirstVC.swift in Sources */ = {isa = PBXBuildFile; fileRef = D1546E1C2ACE7D9900951843 /* FirstVC.swift */; };
		D1546E1F2ACE805200951843 /* SecondVC.swift in Sources */ = {isa = PBXBuildFile; fileRef = D1546E1E2ACE805200951843 /* SecondVC.swift */; };
/* End PBXBuildFile section */

/* Begin PBXFileReference section */
		D1546DF82ACE768100951843 /* SPMAnimation.app */ = {isa = PBXFileReference; explicitFileType = wrapper.application; includeInIndex = 0; path = SPMAnimation.app; sourceTree = BUILT_PRODUCTS_DIR; };
		D1546DFB2ACE768100951843 /* AppDelegate.swift */ = {isa = PBXFileReference; lastKnownFileType = sourcecode.swift; path = AppDelegate.swift; sourceTree = "<group>"; };
		D1546DFD2ACE768100951843 /* SceneDelegate.swift */ = {isa = PBXFileReference; lastKnownFileType = sourcecode.swift; path = SceneDelegate.swift; sourceTree = "<group>"; };
		D1546E022ACE768100951843 /* Base */ = {isa = PBXFileReference; lastKnownFileType = file.storyboard; name = Base; path = Base.lproj/Main.storyboard; sourceTree = "<group>"; };
		D1546E042ACE768100951843 /* Assets.xcassets */ = {isa = PBXFileReference; lastKnownFileType = folder.assetcatalog; path = Assets.xcassets; sourceTree = "<group>"; };
		D1546E072ACE768100951843 /* Base */ = {isa = PBXFileReference; lastKnownFileType = file.storyboard; name = Base; path = Base.lproj/LaunchScreen.storyboard; sourceTree = "<group>"; };
		D1546E092ACE768100951843 /* Info.plist */ = {isa = PBXFileReference; lastKnownFileType = text.plist.xml; path = Info.plist; sourceTree = "<group>"; };
		D1546E1A2ACE7B3500951843 /* BaseVC.swift */ = {isa = PBXFileReference; lastKnownFileType = sourcecode.swift; path = BaseVC.swift; sourceTree = "<group>"; };
		D1546E1C2ACE7D9900951843 /* FirstVC.swift */ = {isa = PBXFileReference; lastKnownFileType = sourcecode.swift; path = FirstVC.swift; sourceTree = "<group>"; };
		D1546E1E2ACE805200951843 /* SecondVC.swift */ = {isa = PBXFileReference; lastKnownFileType = sourcecode.swift; path = SecondVC.swift; sourceTree = "<group>"; };
/* End PBXFileReference section */

/* Begin PBXFrameworksBuildPhase section */
		D1546DF52ACE768100951843 /* Frameworks */ = {
			isa = PBXFrameworksBuildPhase;
			buildActionMask = 2147483647;
			files = (
				D1546E192ACE78CA00951843 /* NVActivityIndicatorViewExtended in Frameworks */,
				D1546E172ACE78CA00951843 /* NVActivityIndicatorView in Frameworks */,
				D1546E142ACE780000951843 /* Lottie in Frameworks */,
			);
			runOnlyForDeploymentPostprocessing = 0;
		};
/* End PBXFrameworksBuildPhase section */

/* Begin PBXGroup section */
		D1546DEF2ACE768100951843 = {
			isa = PBXGroup;
			children = (
				D1546DFA2ACE768100951843 /* SPMAnimation */,
				D1546DF92ACE768100951843 /* Products */,
			);
			sourceTree = "<group>";
		};
		D1546DF92ACE768100951843 /* Products */ = {
			isa = PBXGroup;
			children = (
				D1546DF82ACE768100951843 /* SPMAnimation.app */,
			);
			name = Products;
			sourceTree = "<group>";
		};
		D1546DFA2ACE768100951843 /* SPMAnimation */ = {
			isa = PBXGroup;
			children = (
				D1546E0F2ACE76E000951843 /* Delegate */,
				D1546E102ACE76EE00951843 /* Views */,
				D1546E112ACE76FE00951843 /* Controllers */,
				D1546E042ACE768100951843 /* Assets.xcassets */,
				D1546E092ACE768100951843 /* Info.plist */,
			);
			path = SPMAnimation;
			sourceTree = "<group>";
		};
		D1546E0F2ACE76E000951843 /* Delegate */ = {
			isa = PBXGroup;
			children = (
				D1546DFB2ACE768100951843 /* AppDelegate.swift */,
				D1546DFD2ACE768100951843 /* SceneDelegate.swift */,
			);
			path = Delegate;
			sourceTree = "<group>";
		};
		D1546E102ACE76EE00951843 /* Views */ = {
			isa = PBXGroup;
			children = (
				D1546E012ACE768100951843 /* Main.storyboard */,
				D1546E062ACE768100951843 /* LaunchScreen.storyboard */,
			);
			path = Views;
			sourceTree = "<group>";
		};
		D1546E112ACE76FE00951843 /* Controllers */ = {
			isa = PBXGroup;
			children = (
				D1546E1A2ACE7B3500951843 /* BaseVC.swift */,
				D1546E1C2ACE7D9900951843 /* FirstVC.swift */,
				D1546E1E2ACE805200951843 /* SecondVC.swift */,
			);
			path = Controllers;
			sourceTree = "<group>";
		};
/* End PBXGroup section */

/* Begin PBXNativeTarget section */
		D1546DF72ACE768100951843 /* SPMAnimation */ = {
			isa = PBXNativeTarget;
			buildConfigurationList = D1546E0C2ACE768100951843 /* Build configuration list for PBXNativeTarget "SPMAnimation" */;
			buildPhases = (
				D1546DF42ACE768100951843 /* Sources */,
				D1546DF52ACE768100951843 /* Frameworks */,
				D1546DF62ACE768100951843 /* Resources */,
			);
			buildRules = (
			);
			dependencies = (
			);
			name = SPMAnimation;
			packageProductDependencies = (
				D1546E132ACE780000951843 /* Lottie */,
				D1546E162ACE78CA00951843 /* NVActivityIndicatorView */,
				D1546E182ACE78CA00951843 /* NVActivityIndicatorViewExtended */,
			);
			productName = SPMAnimation;
			productReference = D1546DF82ACE768100951843 /* SPMAnimation.app */;
			productType = "com.apple.product-type.application";
		};
/* End PBXNativeTarget section */

/* Begin PBXProject section */
		D1546DF02ACE768100951843 /* Project object */ = {
			isa = PBXProject;
			attributes = {
				BuildIndependentTargetsInParallel = 1;
				LastSwiftUpdateCheck = 1430;
				LastUpgradeCheck = 1430;
				TargetAttributes = {
					D1546DF72ACE768100951843 = {
						CreatedOnToolsVersion = 14.3.1;
					};
				};
			};
			buildConfigurationList = D1546DF32ACE768100951843 /* Build configuration list for PBXProject "SPMAnimation" */;
			compatibilityVersion = "Xcode 14.0";
			developmentRegion = en;
			hasScannedForEncodings = 0;
			knownRegions = (
				en,
				Base,
			);
			mainGroup = D1546DEF2ACE768100951843;
			packageReferences = (
				D1546E122ACE780000951843 /* XCRemoteSwiftPackageReference "lottie-spm" */,
				D1546E152ACE78CA00951843 /* XCRemoteSwiftPackageReference "NVActivityIndicatorView" */,
			);
			productRefGroup = D1546DF92ACE768100951843 /* Products */;
			projectDirPath = "";
			projectRoot = "";
			targets = (
				D1546DF72ACE768100951843 /* SPMAnimation */,
			);
		};
/* End PBXProject section */

/* Begin PBXResourcesBuildPhase section */
		D1546DF62ACE768100951843 /* Resources */ = {
			isa = PBXResourcesBuildPhase;
			buildActionMask = 2147483647;
			files = (
				D1546E082ACE768100951843 /* LaunchScreen.storyboard in Resources */,
				D1546E052ACE768100951843 /* Assets.xcassets in Resources */,
				D1546E032ACE768100951843 /* Main.storyboard in Resources */,
			);
			runOnlyForDeploymentPostprocessing = 0;
		};
/* End PBXResourcesBuildPhase section */

/* Begin PBXSourcesBuildPhase section */
		D1546DF42ACE768100951843 /* Sources */ = {
			isa = PBXSourcesBuildPhase;
			buildActionMask = 2147483647;
			files = (
				D1546DFC2ACE768100951843 /* AppDelegate.swift in Sources */,
				D1546E1F2ACE805200951843 /* SecondVC.swift in Sources */,
				D1546E1D2ACE7D9900951843 /* FirstVC.swift in Sources */,
				D1546E1B2ACE7B3500951843 /* BaseVC.swift in Sources */,
				D1546DFE2ACE768100951843 /* SceneDelegate.swift in Sources */,
			);
			runOnlyForDeploymentPostprocessing = 0;
		};
/* End PBXSourcesBuildPhase section */

/* Begin PBXVariantGroup section */
		D1546E012ACE768100951843 /* Main.storyboard */ = {
			isa = PBXVariantGroup;
			children = (
				D1546E022ACE768100951843 /* Base */,
			);
			name = Main.storyboard;
			sourceTree = "<group>";
		};
		D1546E062ACE768100951843 /* LaunchScreen.storyboard */ = {
			isa = PBXVariantGroup;
			children = (
				D1546E072ACE768100951843 /* Base */,
			);
			name = LaunchScreen.storyboard;
			sourceTree = "<group>";
		};
/* End PBXVariantGroup section */

/* Begin XCBuildConfiguration section */
		D1546E0A2ACE768100951843 /* Debug */ = {
			isa = XCBuildConfiguration;
			buildSettings = {
				ALWAYS_SEARCH_USER_PATHS = NO;
				CLANG_ANALYZER_NONNULL = YES;
				CLANG_ANALYZER_NUMBER_OBJECT_CONVERSION = YES_AGGRESSIVE;
				CLANG_CXX_LANGUAGE_STANDARD = "gnu++20";
				CLANG_ENABLE_MODULES = YES;
				CLANG_ENABLE_OBJC_ARC = YES;
				CLANG_ENABLE_OBJC_WEAK = YES;
				CLANG_WARN_BLOCK_CAPTURE_AUTORELEASING = YES;
				CLANG_WARN_BOOL_CONVERSION = YES;
				CLANG_WARN_COMMA = YES;
				CLANG_WARN_CONSTANT_CONVERSION = YES;
				CLANG_WARN_DEPRECATED_OBJC_IMPLEMENTATIONS = YES;
				CLANG_WARN_DIRECT_OBJC_ISA_USAGE = YES_ERROR;
				CLANG_WARN_DOCUMENTATION_COMMENTS = YES;
				CLANG_WARN_EMPTY_BODY = YES;
				CLANG_WARN_ENUM_CONVERSION = YES;
				CLANG_WARN_INFINITE_RECURSION = YES;
				CLANG_WARN_INT_CONVERSION = YES;
				CLANG_WARN_NON_LITERAL_NULL_CONVERSION = YES;
				CLANG_WARN_OBJC_IMPLICIT_RETAIN_SELF = YES;
				CLANG_WARN_OBJC_LITERAL_CONVERSION = YES;
				CLANG_WARN_OBJC_ROOT_CLASS = YES_ERROR;
				CLANG_WARN_QUOTED_INCLUDE_IN_FRAMEWORK_HEADER = YES;
				CLANG_WARN_RANGE_LOOP_ANALYSIS = YES;
				CLANG_WARN_STRICT_PROTOTYPES = YES;
				CLANG_WARN_SUSPICIOUS_MOVE = YES;
				CLANG_WARN_UNGUARDED_AVAILABILITY = YES_AGGRESSIVE;
				CLANG_WARN_UNREACHABLE_CODE = YES;
				CLANG_WARN__DUPLICATE_METHOD_MATCH = YES;
				COPY_PHASE_STRIP = NO;
				DEBUG_INFORMATION_FORMAT = dwarf;
				ENABLE_STRICT_OBJC_MSGSEND = YES;
				ENABLE_TESTABILITY = YES;
				GCC_C_LANGUAGE_STANDARD = gnu11;
				GCC_DYNAMIC_NO_PIC = NO;
				GCC_NO_COMMON_BLOCKS = YES;
				GCC_OPTIMIZATION_LEVEL = 0;
				GCC_PREPROCESSOR_DEFINITIONS = (
					"DEBUG=1",
					"$(inherited)",
				);
				GCC_WARN_64_TO_32_BIT_CONVERSION = YES;
				GCC_WARN_ABOUT_RETURN_TYPE = YES_ERROR;
				GCC_WARN_UNDECLARED_SELECTOR = YES;
				GCC_WARN_UNINITIALIZED_AUTOS = YES_AGGRESSIVE;
				GCC_WARN_UNUSED_FUNCTION = YES;
				GCC_WARN_UNUSED_VARIABLE = YES;
				IPHONEOS_DEPLOYMENT_TARGET = 16.4;
				MTL_ENABLE_DEBUG_INFO = INCLUDE_SOURCE;
				MTL_FAST_MATH = YES;
				ONLY_ACTIVE_ARCH = YES;
				SDKROOT = iphoneos;
				SWIFT_ACTIVE_COMPILATION_CONDITIONS = DEBUG;
				SWIFT_OPTIMIZATION_LEVEL = "-Onone";
			};
			name = Debug;
		};
		D1546E0B2ACE768100951843 /* Release */ = {
			isa = XCBuildConfiguration;
			buildSettings = {
				ALWAYS_SEARCH_USER_PATHS = NO;
				CLANG_ANALYZER_NONNULL = YES;
				CLANG_ANALYZER_NUMBER_OBJECT_CONVERSION = YES_AGGRESSIVE;
				CLANG_CXX_LANGUAGE_STANDARD = "gnu++20";
				CLANG_ENABLE_MODULES = YES;
				CLANG_ENABLE_OBJC_ARC = YES;
				CLANG_ENABLE_OBJC_WEAK = YES;
				CLANG_WARN_BLOCK_CAPTURE_AUTORELEASING = YES;
				CLANG_WARN_BOOL_CONVERSION = YES;
				CLANG_WARN_COMMA = YES;
				CLANG_WARN_CONSTANT_CONVERSION = YES;
				CLANG_WARN_DEPRECATED_OBJC_IMPLEMENTATIONS = YES;
				CLANG_WARN_DIRECT_OBJC_ISA_USAGE = YES_ERROR;
				CLANG_WARN_DOCUMENTATION_COMMENTS = YES;
				CLANG_WARN_EMPTY_BODY = YES;
				CLANG_WARN_ENUM_CONVERSION = YES;
				CLANG_WARN_INFINITE_RECURSION = YES;
				CLANG_WARN_INT_CONVERSION = YES;
				CLANG_WARN_NON_LITERAL_NULL_CONVERSION = YES;
				CLANG_WARN_OBJC_IMPLICIT_RETAIN_SELF = YES;
				CLANG_WARN_OBJC_LITERAL_CONVERSION = YES;
				CLANG_WARN_OBJC_ROOT_CLASS = YES_ERROR;
				CLANG_WARN_QUOTED_INCLUDE_IN_FRAMEWORK_HEADER = YES;
				CLANG_WARN_RANGE_LOOP_ANALYSIS = YES;
				CLANG_WARN_STRICT_PROTOTYPES = YES;
				CLANG_WARN_SUSPICIOUS_MOVE = YES;
				CLANG_WARN_UNGUARDED_AVAILABILITY = YES_AGGRESSIVE;
				CLANG_WARN_UNREACHABLE_CODE = YES;
				CLANG_WARN__DUPLICATE_METHOD_MATCH = YES;
				COPY_PHASE_STRIP = NO;
				DEBUG_INFORMATION_FORMAT = "dwarf-with-dsym";
				ENABLE_NS_ASSERTIONS = NO;
				ENABLE_STRICT_OBJC_MSGSEND = YES;
				GCC_C_LANGUAGE_STANDARD = gnu11;
				GCC_NO_COMMON_BLOCKS = YES;
				GCC_WARN_64_TO_32_BIT_CONVERSION = YES;
				GCC_WARN_ABOUT_RETURN_TYPE = YES_ERROR;
				GCC_WARN_UNDECLARED_SELECTOR = YES;
				GCC_WARN_UNINITIALIZED_AUTOS = YES_AGGRESSIVE;
				GCC_WARN_UNUSED_FUNCTION = YES;
				GCC_WARN_UNUSED_VARIABLE = YES;
				IPHONEOS_DEPLOYMENT_TARGET = 16.4;
				MTL_ENABLE_DEBUG_INFO = NO;
				MTL_FAST_MATH = YES;
				SDKROOT = iphoneos;
				SWIFT_COMPILATION_MODE = wholemodule;
				SWIFT_OPTIMIZATION_LEVEL = "-O";
				VALIDATE_PRODUCT = YES;
			};
			name = Release;
		};
		D1546E0D2ACE768100951843 /* Debug */ = {
			isa = XCBuildConfiguration;
			buildSettings = {
				ASSETCATALOG_COMPILER_APPICON_NAME = AppIcon;
				ASSETCATALOG_COMPILER_GLOBAL_ACCENT_COLOR_NAME = AccentColor;
				CODE_SIGN_STYLE = Automatic;
				CURRENT_PROJECT_VERSION = 1;
				DEVELOPMENT_TEAM = 2BFD7M72TY;
				GENERATE_INFOPLIST_FILE = YES;
				INFOPLIST_FILE = SPMAnimation/Info.plist;
				INFOPLIST_KEY_UIApplicationSupportsIndirectInputEvents = YES;
				INFOPLIST_KEY_UILaunchStoryboardName = LaunchScreen;
				INFOPLIST_KEY_UIMainStoryboardFile = Main;
				INFOPLIST_KEY_UISupportedInterfaceOrientations_iPad = "UIInterfaceOrientationPortrait UIInterfaceOrientationPortraitUpsideDown UIInterfaceOrientationLandscapeLeft UIInterfaceOrientationLandscapeRight";
				INFOPLIST_KEY_UISupportedInterfaceOrientations_iPhone = "UIInterfaceOrientationPortrait UIInterfaceOrientationLandscapeLeft UIInterfaceOrientationLandscapeRight";
				LD_RUNPATH_SEARCH_PATHS = (
					"$(inherited)",
					"@executable_path/Frameworks",
				);
				MARKETING_VERSION = 1.0;
				PRODUCT_BUNDLE_IDENTIFIER = com.yourcompany.SPMAnimation;
				PRODUCT_NAME = "$(TARGET_NAME)";
				SUPPORTED_PLATFORMS = "iphoneos iphonesimulator";
				SUPPORTS_MACCATALYST = NO;
				SUPPORTS_MAC_DESIGNED_FOR_IPHONE_IPAD = NO;
				SWIFT_EMIT_LOC_STRINGS = YES;
				SWIFT_VERSION = 5.0;
				TARGETED_DEVICE_FAMILY = 1;
			};
			name = Debug;
		};
		D1546E0E2ACE768100951843 /* Release */ = {
			isa = XCBuildConfiguration;
			buildSettings = {
				ASSETCATALOG_COMPILER_APPICON_NAME = AppIcon;
				ASSETCATALOG_COMPILER_GLOBAL_ACCENT_COLOR_NAME = AccentColor;
				CODE_SIGN_STYLE = Automatic;
				CURRENT_PROJECT_VERSION = 1;
				DEVELOPMENT_TEAM = 2BFD7M72TY;
				GENERATE_INFOPLIST_FILE = YES;
				INFOPLIST_FILE = SPMAnimation/Info.plist;
				INFOPLIST_KEY_UIApplicationSupportsIndirectInputEvents = YES;
				INFOPLIST_KEY_UILaunchStoryboardName = LaunchScreen;
				INFOPLIST_KEY_UIMainStoryboardFile = Main;
				INFOPLIST_KEY_UISupportedInterfaceOrientations_iPad = "UIInterfaceOrientationPortrait UIInterfaceOrientationPortraitUpsideDown UIInterfaceOrientationLandscapeLeft UIInterfaceOrientationLandscapeRight";
				INFOPLIST_KEY_UISupportedInterfaceOrientations_iPhone = "UIInterfaceOrientationPortrait UIInterfaceOrientationLandscapeLeft UIInterfaceOrientationLandscapeRight";
				LD_RUNPATH_SEARCH_PATHS = (
					"$(inherited)",
					"@executable_path/Frameworks",
				);
				MARKETING_VERSION = 1.0;
				PRODUCT_BUNDLE_IDENTIFIER = com.yourcompany.SPMAnimation;
				PRODUCT_NAME = "$(TARGET_NAME)";
				SUPPORTED_PLATFORMS = "iphoneos iphonesimulator";
				SUPPORTS_MACCATALYST = NO;
				SUPPORTS_MAC_DESIGNED_FOR_IPHONE_IPAD = NO;
				SWIFT_EMIT_LOC_STRINGS = YES;
				SWIFT_VERSION = 5.0;
				TARGETED_DEVICE_FAMILY = 1;
			};
			name = Release;
		};
/* End XCBuildConfiguration section */

/* Begin XCConfigurationList section */
		D1546DF32ACE768100951843 /* Build configuration list for PBXProject "SPMAnimation" */ = {
			isa = XCConfigurationList;
			buildConfigurations = (
				D1546E0A2ACE768100951843 /* Debug */,
				D1546E0B2ACE768100951843 /* Release */,
			);
			defaultConfigurationIsVisible = 0;
			defaultConfigurationName = Release;
		};
		D1546E0C2ACE768100951843 /* Build configuration list for PBXNativeTarget "SPMAnimation" */ = {
			isa = XCConfigurationList;
			buildConfigurations = (
				D1546E0D2ACE768100951843 /* Debug */,
				D1546E0E2ACE768100951843 /* Release */,
			);
			defaultConfigurationIsVisible = 0;
			defaultConfigurationName = Release;
		};
/* End XCConfigurationList section */

/* Begin XCRemoteSwiftPackageReference section */
		D1546E122ACE780000951843 /* XCRemoteSwiftPackageReference "lottie-spm" */ = {
			isa = XCRemoteSwiftPackageReference;
			repositoryURL = "https://github.com/airbnb/lottie-spm.git";
			requirement = {
				kind = upToNextMajorVersion;
				minimumVersion = 4.3.3;
			};
		};
		D1546E152ACE78CA00951843 /* XCRemoteSwiftPackageReference "NVActivityIndicatorView" */ = {
			isa = XCRemoteSwiftPackageReference;
			repositoryURL = "https://github.com/ninjaprox/NVActivityIndicatorView.git";
			requirement = {
				kind = upToNextMajorVersion;
				minimumVersion = 5.1.1;
			};
		};
/* End XCRemoteSwiftPackageReference section */

/* Begin XCSwiftPackageProductDependency section */
		D1546E132ACE780000951843 /* Lottie */ = {
			isa = XCSwiftPackageProductDependency;
			package = D1546E122ACE780000951843 /* XCRemoteSwiftPackageReference "lottie-spm" */;
			productName = Lottie;
		};
		D1546E162ACE78CA00951843 /* NVActivityIndicatorView */ = {
			isa = XCSwiftPackageProductDependency;
			package = D1546E152ACE78CA00951843 /* XCRemoteSwiftPackageReference "NVActivityIndicatorView" */;
			productName = NVActivityIndicatorView;
		};
		D1546E182ACE78CA00951843 /* NVActivityIndicatorViewExtended */ = {
			isa = XCSwiftPackageProductDependency;
			package = D1546E152ACE78CA00951843 /* XCRemoteSwiftPackageReference "NVActivityIndicatorView" */;
			productName = NVActivityIndicatorViewExtended;
		};
/* End XCSwiftPackageProductDependency section */
	};
	rootObject = D1546DF02ACE768100951843 /* Project object */;
}
